
Microsoft Visual Studio Solution File, Format Version 12.00
# Visual Studio 15
VisualStudioVersion = 15.0.26124.0
MinimumVisualStudioVersion = 15.0.26124.0
Project("{2150E333-8FDC-42A3-9474-1A3956D46DE8}") = "src", "src", "{2D5DC397-8837-42F3-9C68-503CCCAA99A4}"
EndProject
Project("{FAE04EC0-301F-11D3-BF4B-00C04F79EFBC}") = "Conduit.Domain", "src\Conduit.Domain\Conduit.Domain.csproj", "{4981F882-06CE-488D-B46D-24BDD56EEEB9}"
EndProject
Project("{FAE04EC0-301F-11D3-BF4B-00C04F79EFBC}") = "Conduit.Application", "src\Conduit.Application\Conduit.Application.csproj", "{DE12845D-D197-4998-A1CE-9474272543E3}"
EndProject
Project("{FAE04EC0-301F-11D3-BF4B-00C04F79EFBC}") = "Conduit.Infrastructure", "src\Conduit.Infrastructure\Conduit.Infrastructure.csproj", "{5605CB12-698A-45E5-97EF-43EB5B2C46A1}"
EndProject
Project("{FAE04EC0-301F-11D3-BF4B-00C04F79EFBC}") = "Conduit.Presentation.Api", "src\Conduit.Presentation.Api\Conduit.Presentation.Api.csproj", "{084708C4-DBD9-4094-B1DA-DE109CC5E8D4}"
EndProject
Global
	GlobalSection(SolutionConfigurationPlatforms) = preSolution
		Debug|Any CPU = Debug|Any CPU
		Debug|x64 = Debug|x64
		Debug|x86 = Debug|x86
		Release|Any CPU = Release|Any CPU
		Release|x64 = Release|x64
		Release|x86 = Release|x86
	EndGlobalSection
	GlobalSection(SolutionProperties) = preSolution
		HideSolutionNode = FALSE
	EndGlobalSection
	GlobalSection(ProjectConfigurationPlatforms) = postSolution
		{4981F882-06CE-488D-B46D-24BDD56EEEB9}.Debug|Any CPU.ActiveCfg = Debug|Any CPU
		{4981F882-06CE-488D-B46D-24BDD56EEEB9}.Debug|Any CPU.Build.0 = Debug|Any CPU
		{4981F882-06CE-488D-B46D-24BDD56EEEB9}.Debug|x64.ActiveCfg = Debug|Any CPU
		{4981F882-06CE-488D-B46D-24BDD56EEEB9}.Debug|x64.Build.0 = Debug|Any CPU
		{4981F882-06CE-488D-B46D-24BDD56EEEB9}.Debug|x86.ActiveCfg = Debug|Any CPU
		{4981F882-06CE-488D-B46D-24BDD56EEEB9}.Debug|x86.Build.0 = Debug|Any CPU
		{4981F882-06CE-488D-B46D-24BDD56EEEB9}.Release|Any CPU.ActiveCfg = Release|Any CPU
		{4981F882-06CE-488D-B46D-24BDD56EEEB9}.Release|Any CPU.Build.0 = Release|Any CPU
		{4981F882-06CE-488D-B46D-24BDD56EEEB9}.Release|x64.ActiveCfg = Release|Any CPU
		{4981F882-06CE-488D-B46D-24BDD56EEEB9}.Release|x64.Build.0 = Release|Any CPU
		{4981F882-06CE-488D-B46D-24BDD56EEEB9}.Release|x86.ActiveCfg = Release|Any CPU
		{4981F882-06CE-488D-B46D-24BDD56EEEB9}.Release|x86.Build.0 = Release|Any CPU
		{DE12845D-D197-4998-A1CE-9474272543E3}.Debug|Any CPU.ActiveCfg = Debug|Any CPU
		{DE12845D-D197-4998-A1CE-9474272543E3}.Debug|Any CPU.Build.0 = Debug|Any CPU
		{DE12845D-D197-4998-A1CE-9474272543E3}.Debug|x64.ActiveCfg = Debug|Any CPU
		{DE12845D-D197-4998-A1CE-9474272543E3}.Debug|x64.Build.0 = Debug|Any CPU
		{DE12845D-D197-4998-A1CE-9474272543E3}.Debug|x86.ActiveCfg = Debug|Any CPU
		{DE12845D-D197-4998-A1CE-9474272543E3}.Debug|x86.Build.0 = Debug|Any CPU
		{DE12845D-D197-4998-A1CE-9474272543E3}.Release|Any CPU.ActiveCfg = Release|Any CPU
		{DE12845D-D197-4998-A1CE-9474272543E3}.Release|Any CPU.Build.0 = Release|Any CPU
		{DE12845D-D197-4998-A1CE-9474272543E3}.Release|x64.ActiveCfg = Release|Any CPU
		{DE12845D-D197-4998-A1CE-9474272543E3}.Release|x64.Build.0 = Release|Any CPU
		{DE12845D-D197-4998-A1CE-9474272543E3}.Release|x86.ActiveCfg = Release|Any CPU
		{DE12845D-D197-4998-A1CE-9474272543E3}.Release|x86.Build.0 = Release|Any CPU
		{5605CB12-698A-45E5-97EF-43EB5B2C46A1}.Debug|Any CPU.ActiveCfg = Debug|Any CPU
		{5605CB12-698A-45E5-97EF-43EB5B2C46A1}.Debug|Any CPU.Build.0 = Debug|Any CPU
		{5605CB12-698A-45E5-97EF-43EB5B2C46A1}.Debug|x64.ActiveCfg = Debug|Any CPU
		{5605CB12-698A-45E5-97EF-43EB5B2C46A1}.Debug|x64.Build.0 = Debug|Any CPU
		{5605CB12-698A-45E5-97EF-43EB5B2C46A1}.Debug|x86.ActiveCfg = Debug|Any CPU
		{5605CB12-698A-45E5-97EF-43EB5B2C46A1}.Debug|x86.Build.0 = Debug|Any CPU
		{5605CB12-698A-45E5-97EF-43EB5B2C46A1}.Release|Any CPU.ActiveCfg = Release|Any CPU
		{5605CB12-698A-45E5-97EF-43EB5B2C46A1}.Release|Any CPU.Build.0 = Release|Any CPU
		{5605CB12-698A-45E5-97EF-43EB5B2C46A1}.Release|x64.ActiveCfg = Release|Any CPU
		{5605CB12-698A-45E5-97EF-43EB5B2C46A1}.Release|x64.Build.0 = Release|Any CPU
		{5605CB12-698A-45E5-97EF-43EB5B2C46A1}.Release|x86.ActiveCfg = Release|Any CPU
		{5605CB12-698A-45E5-97EF-43EB5B2C46A1}.Release|x86.Build.0 = Release|Any CPU
		{084708C4-DBD9-4094-B1DA-DE109CC5E8D4}.Debug|Any CPU.ActiveCfg = Debug|Any CPU
		{084708C4-DBD9-4094-B1DA-DE109CC5E8D4}.Debug|Any CPU.Build.0 = Debug|Any CPU
		{084708C4-DBD9-4094-B1DA-DE109CC5E8D4}.Debug|x64.ActiveCfg = Debug|Any CPU
		{084708C4-DBD9-4094-B1DA-DE109CC5E8D4}.Debug|x64.Build.0 = Debug|Any CPU
		{084708C4-DBD9-4094-B1DA-DE109CC5E8D4}.Debug|x86.ActiveCfg = Debug|Any CPU
		{084708C4-DBD9-4094-B1DA-DE109CC5E8D4}.Debug|x86.Build.0 = Debug|Any CPU
		{084708C4-DBD9-4094-B1DA-DE109CC5E8D4}.Release|Any CPU.ActiveCfg = Release|Any CPU
		{084708C4-DBD9-4094-B1DA-DE109CC5E8D4}.Release|Any CPU.Build.0 = Release|Any CPU
		{084708C4-DBD9-4094-B1DA-DE109CC5E8D4}.Release|x64.ActiveCfg = Release|Any CPU
		{084708C4-DBD9-4094-B1DA-DE109CC5E8D4}.Release|x64.Build.0 = Release|Any CPU
		{084708C4-DBD9-4094-B1DA-DE109CC5E8D4}.Release|x86.ActiveCfg = Release|Any CPU
		{084708C4-DBD9-4094-B1DA-DE109CC5E8D4}.Release|x86.Build.0 = Release|Any CPU
	EndGlobalSection
	GlobalSection(NestedProjects) = preSolution
		{4981F882-06CE-488D-B46D-24BDD56EEEB9} = {2D5DC397-8837-42F3-9C68-503CCCAA99A4}
		{DE12845D-D197-4998-A1CE-9474272543E3} = {2D5DC397-8837-42F3-9C68-503CCCAA99A4}
		{5605CB12-698A-45E5-97EF-43EB5B2C46A1} = {2D5DC397-8837-42F3-9C68-503CCCAA99A4}
		{084708C4-DBD9-4094-B1DA-DE109CC5E8D4} = {2D5DC397-8837-42F3-9C68-503CCCAA99A4}
	EndGlobalSection
EndGlobal
